
Microsoft Visual Studio Solution File, Format Version 12.00
# Visual Studio Version 16
VisualStudioVersion = 16.0.30804.86
MinimumVisualStudioVersion = 10.0.40219.1
Project("{FAE04EC0-301F-11D3-BF4B-00C04F79EFBC}") = "ProjektIO", "ProjektIO\ProjektIO.csproj", "{4FF5EF57-13B7-415B-99B3-3BCEDC6ED17C}"
EndProject
Global
	GlobalSection(SolutionConfigurationPlatforms) = preSolution
		Debug|Any CPU = Debug|Any CPU
		Release|Any CPU = Release|Any CPU
	EndGlobalSection
	GlobalSection(ProjectConfigurationPlatforms) = postSolution
		{4FF5EF57-13B7-415B-99B3-3BCEDC6ED17C}.Debug|Any CPU.ActiveCfg = Debug|Any CPU
		{4FF5EF57-13B7-415B-99B3-3BCEDC6ED17C}.Debug|Any CPU.Build.0 = Debug|Any CPU
		{4FF5EF57-13B7-415B-99B3-3BCEDC6ED17C}.Release|Any CPU.ActiveCfg = Release|Any CPU
		{4FF5EF57-13B7-415B-99B3-3BCEDC6ED17C}.Release|Any CPU.Build.0 = Release|Any CPU
	EndGlobalSection
	GlobalSection(SolutionProperties) = preSolution
		HideSolutionNode = FALSE
	EndGlobalSection
	GlobalSection(ExtensibilityGlobals) = postSolution
		SolutionGuid = {E6D25033-8675-4D40-8873-85D946E6B863}
	EndGlobalSection
EndGlobal
